
Microsoft Visual Studio Solution File, Format Version 12.00
# Visual Studio Version 16
VisualStudioVersion = 16.0.30907.101
MinimumVisualStudioVersion = 10.0.40219.1
Project("{FAE04EC0-301F-11D3-BF4B-00C04F79EFBC}") = "WindowsFormsApp1", "WindowsFormsApp1.csproj", "{957F509A-CD5F-45D5-9D36-CCF45A5646B8}"
EndProject
Global
	GlobalSection(SolutionConfigurationPlatforms) = preSolution
		Debug|Any CPU = Debug|Any CPU
		Release|Any CPU = Release|Any CPU
	EndGlobalSection
	GlobalSection(ProjectConfigurationPlatforms) = postSolution
		{957F509A-CD5F-45D5-9D36-CCF45A5646B8}.Debug|Any CPU.ActiveCfg = Debug|Any CPU
		{957F509A-CD5F-45D5-9D36-CCF45A5646B8}.Debug|Any CPU.Build.0 = Debug|Any CPU
		{957F509A-CD5F-45D5-9D36-CCF45A5646B8}.Release|Any CPU.ActiveCfg = Release|Any CPU
		{957F509A-CD5F-45D5-9D36-CCF45A5646B8}.Release|Any CPU.Build.0 = Release|Any CPU
	EndGlobalSection
	GlobalSection(SolutionProperties) = preSolution
		HideSolutionNode = FALSE
	EndGlobalSection
	GlobalSection(ExtensibilityGlobals) = postSolution
		SolutionGuid = {13A3C2B5-CEE1-445E-B53E-2260EE985E24}
	EndGlobalSection
EndGlobal
